// !$*UTF8*$!
{
	archiveVersion = 1;
	classes = {
	};
	objectVersion = 50;
	objects = {

/* Begin PBXBuildFile section */
		3D8FA01921F4C2B900B6ADFC /* AppDelegate.swift in Sources */ = {isa = PBXBuildFile; fileRef = 3D8FA01821F4C2B900B6ADFC /* AppDelegate.swift */; };
		3D8FA01B21F4C2B900B6ADFC /* LoginViewController.swift in Sources */ = {isa = PBXBuildFile; fileRef = 3D8FA01A21F4C2B900B6ADFC /* LoginViewController.swift */; };
		3D8FA01E21F4C2B900B6ADFC /* Main.storyboard in Resources */ = {isa = PBXBuildFile; fileRef = 3D8FA01C21F4C2B900B6ADFC /* Main.storyboard */; };
		3D8FA02121F4C2B900B6ADFC /* CatFacts.xcdatamodeld in Sources */ = {isa = PBXBuildFile; fileRef = 3D8FA01F21F4C2B900B6ADFC /* CatFacts.xcdatamodeld */; };
		3D8FA02321F4C2BA00B6ADFC /* Assets.xcassets in Resources */ = {isa = PBXBuildFile; fileRef = 3D8FA02221F4C2BA00B6ADFC /* Assets.xcassets */; };
		3D8FA02621F4C2BA00B6ADFC /* LaunchScreen.storyboard in Resources */ = {isa = PBXBuildFile; fileRef = 3D8FA02421F4C2BA00B6ADFC /* LaunchScreen.storyboard */; };
		3D8FA02E21F4CC5300B6ADFC /* RegistrationViewController.swift in Sources */ = {isa = PBXBuildFile; fileRef = 3D8FA02D21F4CC5300B6ADFC /* RegistrationViewController.swift */; };
		3D8FA03021F4D1AB00B6ADFC /* ViewControllerExtensions.swift in Sources */ = {isa = PBXBuildFile; fileRef = 3D8FA02F21F4D1AB00B6ADFC /* ViewControllerExtensions.swift */; };
		3DF8592B21F4F000005491EC /* Validator.swift in Sources */ = {isa = PBXBuildFile; fileRef = 3DF8592A21F4F000005491EC /* Validator.swift */; };
		3DF8592D21F50F9D005491EC /* String+Crypto.swift in Sources */ = {isa = PBXBuildFile; fileRef = 3DF8592C21F50F9D005491EC /* String+Crypto.swift */; };
		3DF8592F21F50FE9005491EC /* Data+Crypto.swift in Sources */ = {isa = PBXBuildFile; fileRef = 3DF8592E21F50FE9005491EC /* Data+Crypto.swift */; };
		3DF8593221F51661005491EC /* DatabaseManager.swift in Sources */ = {isa = PBXBuildFile; fileRef = 3DF8593121F51661005491EC /* DatabaseManager.swift */; };
		3DF8593621F5259F005491EC /* TextFieldsValidations.swift in Sources */ = {isa = PBXBuildFile; fileRef = 3DF8593521F5259F005491EC /* TextFieldsValidations.swift */; };
		3DF8593921F529DD005491EC /* DatabaseValidations.swift in Sources */ = {isa = PBXBuildFile; fileRef = 3DF8593821F529DD005491EC /* DatabaseValidations.swift */; };
/* End PBXBuildFile section */

/* Begin PBXFileReference section */
		3D8FA01521F4C2B900B6ADFC /* CatFacts.app */ = {isa = PBXFileReference; explicitFileType = wrapper.application; includeInIndex = 0; path = CatFacts.app; sourceTree = BUILT_PRODUCTS_DIR; };
		3D8FA01821F4C2B900B6ADFC /* AppDelegate.swift */ = {isa = PBXFileReference; lastKnownFileType = sourcecode.swift; path = AppDelegate.swift; sourceTree = "<group>"; };
		3D8FA01A21F4C2B900B6ADFC /* LoginViewController.swift */ = {isa = PBXFileReference; lastKnownFileType = sourcecode.swift; path = LoginViewController.swift; sourceTree = "<group>"; };
		3D8FA01D21F4C2B900B6ADFC /* Base */ = {isa = PBXFileReference; lastKnownFileType = file.storyboard; name = Base; path = Base.lproj/Main.storyboard; sourceTree = "<group>"; };
		3D8FA02021F4C2B900B6ADFC /* CatFacts.xcdatamodel */ = {isa = PBXFileReference; lastKnownFileType = wrapper.xcdatamodel; path = CatFacts.xcdatamodel; sourceTree = "<group>"; };
		3D8FA02221F4C2BA00B6ADFC /* Assets.xcassets */ = {isa = PBXFileReference; lastKnownFileType = folder.assetcatalog; path = Assets.xcassets; sourceTree = "<group>"; };
		3D8FA02521F4C2BA00B6ADFC /* Base */ = {isa = PBXFileReference; lastKnownFileType = file.storyboard; name = Base; path = Base.lproj/LaunchScreen.storyboard; sourceTree = "<group>"; };
		3D8FA02721F4C2BA00B6ADFC /* Info.plist */ = {isa = PBXFileReference; lastKnownFileType = text.plist.xml; path = Info.plist; sourceTree = "<group>"; };
		3D8FA02D21F4CC5300B6ADFC /* RegistrationViewController.swift */ = {isa = PBXFileReference; lastKnownFileType = sourcecode.swift; path = RegistrationViewController.swift; sourceTree = "<group>"; };
		3D8FA02F21F4D1AB00B6ADFC /* ViewControllerExtensions.swift */ = {isa = PBXFileReference; lastKnownFileType = sourcecode.swift; path = ViewControllerExtensions.swift; sourceTree = "<group>"; };
		3DF8592A21F4F000005491EC /* Validator.swift */ = {isa = PBXFileReference; lastKnownFileType = sourcecode.swift; path = Validator.swift; sourceTree = "<group>"; };
		3DF8592C21F50F9D005491EC /* String+Crypto.swift */ = {isa = PBXFileReference; lastKnownFileType = sourcecode.swift; path = "String+Crypto.swift"; sourceTree = "<group>"; };
		3DF8592E21F50FE9005491EC /* Data+Crypto.swift */ = {isa = PBXFileReference; lastKnownFileType = sourcecode.swift; path = "Data+Crypto.swift"; sourceTree = "<group>"; };
		3DF8593121F51661005491EC /* DatabaseManager.swift */ = {isa = PBXFileReference; lastKnownFileType = sourcecode.swift; path = DatabaseManager.swift; sourceTree = "<group>"; };
		3DF8593521F5259F005491EC /* TextFieldsValidations.swift */ = {isa = PBXFileReference; lastKnownFileType = sourcecode.swift; path = TextFieldsValidations.swift; sourceTree = "<group>"; };
		3DF8593821F529DD005491EC /* DatabaseValidations.swift */ = {isa = PBXFileReference; lastKnownFileType = sourcecode.swift; path = DatabaseValidations.swift; sourceTree = "<group>"; };
/* End PBXFileReference section */

/* Begin PBXFrameworksBuildPhase section */
		3D8FA01221F4C2B900B6ADFC /* Frameworks */ = {
			isa = PBXFrameworksBuildPhase;
			buildActionMask = 2147483647;
			files = (
			);
			runOnlyForDeploymentPostprocessing = 0;
		};
/* End PBXFrameworksBuildPhase section */

/* Begin PBXGroup section */
		3D8FA00C21F4C2B900B6ADFC = {
			isa = PBXGroup;
			children = (
				3D8FA01721F4C2B900B6ADFC /* CatFacts */,
				3D8FA01621F4C2B900B6ADFC /* Products */,
			);
			sourceTree = "<group>";
		};
		3D8FA01621F4C2B900B6ADFC /* Products */ = {
			isa = PBXGroup;
			children = (
				3D8FA01521F4C2B900B6ADFC /* CatFacts.app */,
			);
			name = Products;
			sourceTree = "<group>";
		};
		3D8FA01721F4C2B900B6ADFC /* CatFacts */ = {
			isa = PBXGroup;
			children = (
				3D8FA01821F4C2B900B6ADFC /* AppDelegate.swift */,
				3D8FA01A21F4C2B900B6ADFC /* LoginViewController.swift */,
				3D8FA02D21F4CC5300B6ADFC /* RegistrationViewController.swift */,
				3D8FA02F21F4D1AB00B6ADFC /* ViewControllerExtensions.swift */,
				3DF8593721F525BA005491EC /* Validation */,
				3D8FA01C21F4C2B900B6ADFC /* Main.storyboard */,
				3D8FA02221F4C2BA00B6ADFC /* Assets.xcassets */,
				3D8FA02421F4C2BA00B6ADFC /* LaunchScreen.storyboard */,
				3D8FA02721F4C2BA00B6ADFC /* Info.plist */,
				3D8FA01F21F4C2B900B6ADFC /* CatFacts.xcdatamodeld */,
				3DF8593021F5103C005491EC /* Crypto */,
				3DF8593121F51661005491EC /* DatabaseManager.swift */,
			);
			path = CatFacts;
			sourceTree = "<group>";
		};
		3DF8593021F5103C005491EC /* Crypto */ = {
			isa = PBXGroup;
			children = (
				3DF8592C21F50F9D005491EC /* String+Crypto.swift */,
				3DF8592E21F50FE9005491EC /* Data+Crypto.swift */,
			);
			path = Crypto;
			sourceTree = "<group>";
		};
		3DF8593721F525BA005491EC /* Validation */ = {
			isa = PBXGroup;
			children = (
				3DF8592A21F4F000005491EC /* Validator.swift */,
				3DF8593521F5259F005491EC /* TextFieldsValidations.swift */,
				3DF8593821F529DD005491EC /* DatabaseValidations.swift */,
			);
			path = Validation;
			sourceTree = "<group>";
		};
/* End PBXGroup section */

/* Begin PBXNativeTarget section */
		3D8FA01421F4C2B900B6ADFC /* CatFacts */ = {
			isa = PBXNativeTarget;
			buildConfigurationList = 3D8FA02A21F4C2BA00B6ADFC /* Build configuration list for PBXNativeTarget "CatFacts" */;
			buildPhases = (
				3D8FA01121F4C2B900B6ADFC /* Sources */,
				3D8FA01221F4C2B900B6ADFC /* Frameworks */,
				3D8FA01321F4C2B900B6ADFC /* Resources */,
			);
			buildRules = (
			);
			dependencies = (
			);
			name = CatFacts;
			productName = CatFacts;
			productReference = 3D8FA01521F4C2B900B6ADFC /* CatFacts.app */;
			productType = "com.apple.product-type.application";
		};
/* End PBXNativeTarget section */

/* Begin PBXProject section */
		3D8FA00D21F4C2B900B6ADFC /* Project object */ = {
			isa = PBXProject;
			attributes = {
				LastSwiftUpdateCheck = 1010;
				LastUpgradeCheck = 1010;
				ORGANIZATIONNAME = "Vasiliy Lada";
				TargetAttributes = {
					3D8FA01421F4C2B900B6ADFC = {
						CreatedOnToolsVersion = 10.1;
					};
				};
			};
			buildConfigurationList = 3D8FA01021F4C2B900B6ADFC /* Build configuration list for PBXProject "CatFacts" */;
			compatibilityVersion = "Xcode 9.3";
			developmentRegion = en;
			hasScannedForEncodings = 0;
			knownRegions = (
				en,
				Base,
			);
			mainGroup = 3D8FA00C21F4C2B900B6ADFC;
			productRefGroup = 3D8FA01621F4C2B900B6ADFC /* Products */;
			projectDirPath = "";
			projectRoot = "";
			targets = (
				3D8FA01421F4C2B900B6ADFC /* CatFacts */,
			);
		};
/* End PBXProject section */

/* Begin PBXResourcesBuildPhase section */
		3D8FA01321F4C2B900B6ADFC /* Resources */ = {
			isa = PBXResourcesBuildPhase;
			buildActionMask = 2147483647;
			files = (
				3D8FA02621F4C2BA00B6ADFC /* LaunchScreen.storyboard in Resources */,
				3D8FA02321F4C2BA00B6ADFC /* Assets.xcassets in Resources */,
				3D8FA01E21F4C2B900B6ADFC /* Main.storyboard in Resources */,
			);
			runOnlyForDeploymentPostprocessing = 0;
		};
/* End PBXResourcesBuildPhase section */

/* Begin PBXSourcesBuildPhase section */
		3D8FA01121F4C2B900B6ADFC /* Sources */ = {
			isa = PBXSourcesBuildPhase;
			buildActionMask = 2147483647;
			files = (
				3DF8592B21F4F000005491EC /* Validator.swift in Sources */,
				3D8FA01B21F4C2B900B6ADFC /* LoginViewController.swift in Sources */,
				3DF8593621F5259F005491EC /* TextFieldsValidations.swift in Sources */,
				3DF8592F21F50FE9005491EC /* Data+Crypto.swift in Sources */,
				3DF8592D21F50F9D005491EC /* String+Crypto.swift in Sources */,
				3D8FA02121F4C2B900B6ADFC /* CatFacts.xcdatamodeld in Sources */,
				3D8FA02E21F4CC5300B6ADFC /* RegistrationViewController.swift in Sources */,
				3DF8593921F529DD005491EC /* DatabaseValidations.swift in Sources */,
				3D8FA03021F4D1AB00B6ADFC /* ViewControllerExtensions.swift in Sources */,
				3DF8593221F51661005491EC /* DatabaseManager.swift in Sources */,
				3D8FA01921F4C2B900B6ADFC /* AppDelegate.swift in Sources */,
			);
			runOnlyForDeploymentPostprocessing = 0;
		};
/* End PBXSourcesBuildPhase section */

/* Begin PBXVariantGroup section */
		3D8FA01C21F4C2B900B6ADFC /* Main.storyboard */ = {
			isa = PBXVariantGroup;
			children = (
				3D8FA01D21F4C2B900B6ADFC /* Base */,
			);
			name = Main.storyboard;
			sourceTree = "<group>";
		};
		3D8FA02421F4C2BA00B6ADFC /* LaunchScreen.storyboard */ = {
			isa = PBXVariantGroup;
			children = (
				3D8FA02521F4C2BA00B6ADFC /* Base */,
			);
			name = LaunchScreen.storyboard;
			sourceTree = "<group>";
		};
/* End PBXVariantGroup section */

/* Begin XCBuildConfiguration section */
		3D8FA02821F4C2BA00B6ADFC /* Debug */ = {
			isa = XCBuildConfiguration;
			buildSettings = {
				ALWAYS_SEARCH_USER_PATHS = NO;
				CLANG_ANALYZER_NONNULL = YES;
				CLANG_ANALYZER_NUMBER_OBJECT_CONVERSION = YES_AGGRESSIVE;
				CLANG_CXX_LANGUAGE_STANDARD = "gnu++14";
				CLANG_CXX_LIBRARY = "libc++";
				CLANG_ENABLE_MODULES = YES;
				CLANG_ENABLE_OBJC_ARC = YES;
				CLANG_ENABLE_OBJC_WEAK = YES;
				CLANG_WARN_BLOCK_CAPTURE_AUTORELEASING = YES;
				CLANG_WARN_BOOL_CONVERSION = YES;
				CLANG_WARN_COMMA = YES;
				CLANG_WARN_CONSTANT_CONVERSION = YES;
				CLANG_WARN_DEPRECATED_OBJC_IMPLEMENTATIONS = YES;
				CLANG_WARN_DIRECT_OBJC_ISA_USAGE = YES_ERROR;
				CLANG_WARN_DOCUMENTATION_COMMENTS = YES;
				CLANG_WARN_EMPTY_BODY = YES;
				CLANG_WARN_ENUM_CONVERSION = YES;
				CLANG_WARN_INFINITE_RECURSION = YES;
				CLANG_WARN_INT_CONVERSION = YES;
				CLANG_WARN_NON_LITERAL_NULL_CONVERSION = YES;
				CLANG_WARN_OBJC_IMPLICIT_RETAIN_SELF = YES;
				CLANG_WARN_OBJC_LITERAL_CONVERSION = YES;
				CLANG_WARN_OBJC_ROOT_CLASS = YES_ERROR;
				CLANG_WARN_RANGE_LOOP_ANALYSIS = YES;
				CLANG_WARN_STRICT_PROTOTYPES = YES;
				CLANG_WARN_SUSPICIOUS_MOVE = YES;
				CLANG_WARN_UNGUARDED_AVAILABILITY = YES_AGGRESSIVE;
				CLANG_WARN_UNREACHABLE_CODE = YES;
				CLANG_WARN__DUPLICATE_METHOD_MATCH = YES;
				CODE_SIGN_IDENTITY = "iPhone Developer";
				COPY_PHASE_STRIP = NO;
				DEBUG_INFORMATION_FORMAT = dwarf;
				ENABLE_STRICT_OBJC_MSGSEND = YES;
				ENABLE_TESTABILITY = YES;
				GCC_C_LANGUAGE_STANDARD = gnu11;
				GCC_DYNAMIC_NO_PIC = NO;
				GCC_NO_COMMON_BLOCKS = YES;
				GCC_OPTIMIZATION_LEVEL = 0;
				GCC_PREPROCESSOR_DEFINITIONS = (
					"DEBUG=1",
					"$(inherited)",
				);
				GCC_WARN_64_TO_32_BIT_CONVERSION = YES;
				GCC_WARN_ABOUT_RETURN_TYPE = YES_ERROR;
				GCC_WARN_UNDECLARED_SELECTOR = YES;
				GCC_WARN_UNINITIALIZED_AUTOS = YES_AGGRESSIVE;
				GCC_WARN_UNUSED_FUNCTION = YES;
				GCC_WARN_UNUSED_VARIABLE = YES;
				IPHONEOS_DEPLOYMENT_TARGET = 12.1;
				MTL_ENABLE_DEBUG_INFO = INCLUDE_SOURCE;
				MTL_FAST_MATH = YES;
				ONLY_ACTIVE_ARCH = YES;
				SDKROOT = iphoneos;
				SWIFT_ACTIVE_COMPILATION_CONDITIONS = DEBUG;
				SWIFT_OPTIMIZATION_LEVEL = "-Onone";
			};
			name = Debug;
		};
		3D8FA02921F4C2BA00B6ADFC /* Release */ = {
			isa = XCBuildConfiguration;
			buildSettings = {
				ALWAYS_SEARCH_USER_PATHS = NO;
				CLANG_ANALYZER_NONNULL = YES;
				CLANG_ANALYZER_NUMBER_OBJECT_CONVERSION = YES_AGGRESSIVE;
				CLANG_CXX_LANGUAGE_STANDARD = "gnu++14";
				CLANG_CXX_LIBRARY = "libc++";
				CLANG_ENABLE_MODULES = YES;
				CLANG_ENABLE_OBJC_ARC = YES;
				CLANG_ENABLE_OBJC_WEAK = YES;
				CLANG_WARN_BLOCK_CAPTURE_AUTORELEASING = YES;
				CLANG_WARN_BOOL_CONVERSION = YES;
				CLANG_WARN_COMMA = YES;
				CLANG_WARN_CONSTANT_CONVERSION = YES;
				CLANG_WARN_DEPRECATED_OBJC_IMPLEMENTATIONS = YES;
				CLANG_WARN_DIRECT_OBJC_ISA_USAGE = YES_ERROR;
				CLANG_WARN_DOCUMENTATION_COMMENTS = YES;
				CLANG_WARN_EMPTY_BODY = YES;
				CLANG_WARN_ENUM_CONVERSION = YES;
				CLANG_WARN_INFINITE_RECURSION = YES;
				CLANG_WARN_INT_CONVERSION = YES;
				CLANG_WARN_NON_LITERAL_NULL_CONVERSION = YES;
				CLANG_WARN_OBJC_IMPLICIT_RETAIN_SELF = YES;
				CLANG_WARN_OBJC_LITERAL_CONVERSION = YES;
				CLANG_WARN_OBJC_ROOT_CLASS = YES_ERROR;
				CLANG_WARN_RANGE_LOOP_ANALYSIS = YES;
				CLANG_WARN_STRICT_PROTOTYPES = YES;
				CLANG_WARN_SUSPICIOUS_MOVE = YES;
				CLANG_WARN_UNGUARDED_AVAILABILITY = YES_AGGRESSIVE;
				CLANG_WARN_UNREACHABLE_CODE = YES;
				CLANG_WARN__DUPLICATE_METHOD_MATCH = YES;
				CODE_SIGN_IDENTITY = "iPhone Developer";
				COPY_PHASE_STRIP = NO;
				DEBUG_INFORMATION_FORMAT = "dwarf-with-dsym";
				ENABLE_NS_ASSERTIONS = NO;
				ENABLE_STRICT_OBJC_MSGSEND = YES;
				GCC_C_LANGUAGE_STANDARD = gnu11;
				GCC_NO_COMMON_BLOCKS = YES;
				GCC_WARN_64_TO_32_BIT_CONVERSION = YES;
				GCC_WARN_ABOUT_RETURN_TYPE = YES_ERROR;
				GCC_WARN_UNDECLARED_SELECTOR = YES;
				GCC_WARN_UNINITIALIZED_AUTOS = YES_AGGRESSIVE;
				GCC_WARN_UNUSED_FUNCTION = YES;
				GCC_WARN_UNUSED_VARIABLE = YES;
				IPHONEOS_DEPLOYMENT_TARGET = 12.1;
				MTL_ENABLE_DEBUG_INFO = NO;
				MTL_FAST_MATH = YES;
				SDKROOT = iphoneos;
				SWIFT_COMPILATION_MODE = wholemodule;
				SWIFT_OPTIMIZATION_LEVEL = "-O";
				VALIDATE_PRODUCT = YES;
			};
			name = Release;
		};
		3D8FA02B21F4C2BA00B6ADFC /* Debug */ = {
			isa = XCBuildConfiguration;
			buildSettings = {
				ASSETCATALOG_COMPILER_APPICON_NAME = AppIcon;
				CODE_SIGN_STYLE = Automatic;
				DEVELOPMENT_TEAM = 5SKQ8B2GH3;
				INFOPLIST_FILE = CatFacts/Info.plist;
				LD_RUNPATH_SEARCH_PATHS = (
					"$(inherited)",
					"@executable_path/Frameworks",
				);
				PRODUCT_BUNDLE_IDENTIFIER = com.vasiliylada.CatFacts;
				PRODUCT_NAME = "$(TARGET_NAME)";
				SWIFT_VERSION = 4.2;
				TARGETED_DEVICE_FAMILY = 1;
			};
			name = Debug;
		};
		3D8FA02C21F4C2BA00B6ADFC /* Release */ = {
			isa = XCBuildConfiguration;
			buildSettings = {
				ASSETCATALOG_COMPILER_APPICON_NAME = AppIcon;
				CODE_SIGN_STYLE = Automatic;
				DEVELOPMENT_TEAM = 5SKQ8B2GH3;
				INFOPLIST_FILE = CatFacts/Info.plist;
				LD_RUNPATH_SEARCH_PATHS = (
					"$(inherited)",
					"@executable_path/Frameworks",
				);
				PRODUCT_BUNDLE_IDENTIFIER = com.vasiliylada.CatFacts;
				PRODUCT_NAME = "$(TARGET_NAME)";
				SWIFT_VERSION = 4.2;
				TARGETED_DEVICE_FAMILY = 1;
			};
			name = Release;
		};
/* End XCBuildConfiguration section */

/* Begin XCConfigurationList section */
		3D8FA01021F4C2B900B6ADFC /* Build configuration list for PBXProject "CatFacts" */ = {
			isa = XCConfigurationList;
			buildConfigurations = (
				3D8FA02821F4C2BA00B6ADFC /* Debug */,
				3D8FA02921F4C2BA00B6ADFC /* Release */,
			);
			defaultConfigurationIsVisible = 0;
			defaultConfigurationName = Release;
		};
		3D8FA02A21F4C2BA00B6ADFC /* Build configuration list for PBXNativeTarget "CatFacts" */ = {
			isa = XCConfigurationList;
			buildConfigurations = (
				3D8FA02B21F4C2BA00B6ADFC /* Debug */,
				3D8FA02C21F4C2BA00B6ADFC /* Release */,
			);
			defaultConfigurationIsVisible = 0;
			defaultConfigurationName = Release;
		};
/* End XCConfigurationList section */

/* Begin XCVersionGroup section */
		3D8FA01F21F4C2B900B6ADFC /* CatFacts.xcdatamodeld */ = {
			isa = XCVersionGroup;
			children = (
				3D8FA02021F4C2B900B6ADFC /* CatFacts.xcdatamodel */,
			);
			currentVersion = 3D8FA02021F4C2B900B6ADFC /* CatFacts.xcdatamodel */;
			path = CatFacts.xcdatamodeld;
			sourceTree = "<group>";
			versionGroupType = wrapper.xcdatamodel;
		};
/* End XCVersionGroup section */
	};
	rootObject = 3D8FA00D21F4C2B900B6ADFC /* Project object */;
}
