// !$*UTF8*$!
{
	archiveVersion = 1;
	classes = {
	};
	objectVersion = 50;
	objects = {

/* Begin PBXBuildFile section */
		08799C87AAB253A64B9B3182 /* Pods_CatFacts.framework in Frameworks */ = {isa = PBXBuildFile; fileRef = F05C6E0755F7CD57FE6BE5EF /* Pods_CatFacts.framework */; };
		3D3A672021FDE387004B2964 /* SessionManager.swift in Sources */ = {isa = PBXBuildFile; fileRef = 3D3A671F21FDE387004B2964 /* SessionManager.swift */; };
		3D3A672221FDE6AE004B2964 /* User+NSCoding.swift in Sources */ = {isa = PBXBuildFile; fileRef = 3D3A672121FDE6AE004B2964 /* User+NSCoding.swift */; };
		3D3A672621FE1190004B2964 /* Loader.swift in Sources */ = {isa = PBXBuildFile; fileRef = 3D3A672521FE1190004B2964 /* Loader.swift */; };
		3D8FA01921F4C2B900B6ADFC /* AppDelegate.swift in Sources */ = {isa = PBXBuildFile; fileRef = 3D8FA01821F4C2B900B6ADFC /* AppDelegate.swift */; };
		3D8FA01B21F4C2B900B6ADFC /* LoginViewController.swift in Sources */ = {isa = PBXBuildFile; fileRef = 3D8FA01A21F4C2B900B6ADFC /* LoginViewController.swift */; };
		3D8FA01E21F4C2B900B6ADFC /* Main.storyboard in Resources */ = {isa = PBXBuildFile; fileRef = 3D8FA01C21F4C2B900B6ADFC /* Main.storyboard */; };
		3D8FA02121F4C2B900B6ADFC /* CatFacts.xcdatamodeld in Sources */ = {isa = PBXBuildFile; fileRef = 3D8FA01F21F4C2B900B6ADFC /* CatFacts.xcdatamodeld */; };
		3D8FA02321F4C2BA00B6ADFC /* Assets.xcassets in Resources */ = {isa = PBXBuildFile; fileRef = 3D8FA02221F4C2BA00B6ADFC /* Assets.xcassets */; };
		3D8FA02621F4C2BA00B6ADFC /* LaunchScreen.storyboard in Resources */ = {isa = PBXBuildFile; fileRef = 3D8FA02421F4C2BA00B6ADFC /* LaunchScreen.storyboard */; };
		3D8FA02E21F4CC5300B6ADFC /* RegistrationViewController.swift in Sources */ = {isa = PBXBuildFile; fileRef = 3D8FA02D21F4CC5300B6ADFC /* RegistrationViewController.swift */; };
		3D8FA03021F4D1AB00B6ADFC /* FormFiewController.swift in Sources */ = {isa = PBXBuildFile; fileRef = 3D8FA02F21F4D1AB00B6ADFC /* FormFiewController.swift */; };
		3DA722D421F911D300E154DE /* CatFactsModel.swift in Sources */ = {isa = PBXBuildFile; fileRef = 3DA722D321F911D300E154DE /* CatFactsModel.swift */; };
		3DA722D621F9140500E154DE /* CatFactsViewModel.swift in Sources */ = {isa = PBXBuildFile; fileRef = 3DA722D521F9140500E154DE /* CatFactsViewModel.swift */; };
		3DF1215B21F6476D00D0EF95 /* User+Crypto.swift in Sources */ = {isa = PBXBuildFile; fileRef = 3DF1215A21F6476D00D0EF95 /* User+Crypto.swift */; };
		3DF1215D21F65B6D00D0EF95 /* CatFactsViewController.swift in Sources */ = {isa = PBXBuildFile; fileRef = 3DF1215C21F65B6D00D0EF95 /* CatFactsViewController.swift */; };
		3DF1216021F65E2B00D0EF95 /* CatFactsTableViewCell.swift in Sources */ = {isa = PBXBuildFile; fileRef = 3DF1215E21F65E2B00D0EF95 /* CatFactsTableViewCell.swift */; };
		3DF1216121F65E2B00D0EF95 /* CatFactsTableViewCell.xib in Resources */ = {isa = PBXBuildFile; fileRef = 3DF1215F21F65E2B00D0EF95 /* CatFactsTableViewCell.xib */; };
		3DF8592B21F4F000005491EC /* Validator.swift in Sources */ = {isa = PBXBuildFile; fileRef = 3DF8592A21F4F000005491EC /* Validator.swift */; };
		3DF8592D21F50F9D005491EC /* String+Crypto.swift in Sources */ = {isa = PBXBuildFile; fileRef = 3DF8592C21F50F9D005491EC /* String+Crypto.swift */; };
		3DF8592F21F50FE9005491EC /* Data+Crypto.swift in Sources */ = {isa = PBXBuildFile; fileRef = 3DF8592E21F50FE9005491EC /* Data+Crypto.swift */; };
		3DF8593221F51661005491EC /* DatabaseManager.swift in Sources */ = {isa = PBXBuildFile; fileRef = 3DF8593121F51661005491EC /* DatabaseManager.swift */; };
		3DF8593621F5259F005491EC /* TextFieldsValidations.swift in Sources */ = {isa = PBXBuildFile; fileRef = 3DF8593521F5259F005491EC /* TextFieldsValidations.swift */; };
		3DF8593921F529DD005491EC /* DatabaseValidations.swift in Sources */ = {isa = PBXBuildFile; fileRef = 3DF8593821F529DD005491EC /* DatabaseValidations.swift */; };
/* End PBXBuildFile section */

/* Begin PBXFileReference section */
		28D9CDD52037CD3CF163EE98 /* Pods-CatFacts.release.xcconfig */ = {isa = PBXFileReference; includeInIndex = 1; lastKnownFileType = text.xcconfig; name = "Pods-CatFacts.release.xcconfig"; path = "Pods/Target Support Files/Pods-CatFacts/Pods-CatFacts.release.xcconfig"; sourceTree = "<group>"; };
		3D3A671F21FDE387004B2964 /* SessionManager.swift */ = {isa = PBXFileReference; lastKnownFileType = sourcecode.swift; path = SessionManager.swift; sourceTree = "<group>"; };
		3D3A672121FDE6AE004B2964 /* User+NSCoding.swift */ = {isa = PBXFileReference; lastKnownFileType = sourcecode.swift; path = "User+NSCoding.swift"; sourceTree = "<group>"; };
		3D3A672521FE1190004B2964 /* Loader.swift */ = {isa = PBXFileReference; lastKnownFileType = sourcecode.swift; path = Loader.swift; sourceTree = "<group>"; };
		3D8FA01521F4C2B900B6ADFC /* CatFacts.app */ = {isa = PBXFileReference; explicitFileType = wrapper.application; includeInIndex = 0; path = CatFacts.app; sourceTree = BUILT_PRODUCTS_DIR; };
		3D8FA01821F4C2B900B6ADFC /* AppDelegate.swift */ = {isa = PBXFileReference; lastKnownFileType = sourcecode.swift; path = AppDelegate.swift; sourceTree = "<group>"; };
		3D8FA01A21F4C2B900B6ADFC /* LoginViewController.swift */ = {isa = PBXFileReference; lastKnownFileType = sourcecode.swift; path = LoginViewController.swift; sourceTree = "<group>"; };
		3D8FA01D21F4C2B900B6ADFC /* Base */ = {isa = PBXFileReference; lastKnownFileType = file.storyboard; name = Base; path = Base.lproj/Main.storyboard; sourceTree = "<group>"; };
		3D8FA02021F4C2B900B6ADFC /* CatFacts.xcdatamodel */ = {isa = PBXFileReference; lastKnownFileType = wrapper.xcdatamodel; path = CatFacts.xcdatamodel; sourceTree = "<group>"; };
		3D8FA02221F4C2BA00B6ADFC /* Assets.xcassets */ = {isa = PBXFileReference; lastKnownFileType = folder.assetcatalog; path = Assets.xcassets; sourceTree = "<group>"; };
		3D8FA02521F4C2BA00B6ADFC /* Base */ = {isa = PBXFileReference; lastKnownFileType = file.storyboard; name = Base; path = Base.lproj/LaunchScreen.storyboard; sourceTree = "<group>"; };
		3D8FA02721F4C2BA00B6ADFC /* Info.plist */ = {isa = PBXFileReference; lastKnownFileType = text.plist.xml; path = Info.plist; sourceTree = "<group>"; };
		3D8FA02D21F4CC5300B6ADFC /* RegistrationViewController.swift */ = {isa = PBXFileReference; lastKnownFileType = sourcecode.swift; path = RegistrationViewController.swift; sourceTree = "<group>"; };
		3D8FA02F21F4D1AB00B6ADFC /* FormFiewController.swift */ = {isa = PBXFileReference; lastKnownFileType = sourcecode.swift; path = FormFiewController.swift; sourceTree = "<group>"; };
		3DA722D321F911D300E154DE /* CatFactsModel.swift */ = {isa = PBXFileReference; lastKnownFileType = sourcecode.swift; path = CatFactsModel.swift; sourceTree = "<group>"; };
		3DA722D521F9140500E154DE /* CatFactsViewModel.swift */ = {isa = PBXFileReference; lastKnownFileType = sourcecode.swift; path = CatFactsViewModel.swift; sourceTree = "<group>"; };
		3DF1215A21F6476D00D0EF95 /* User+Crypto.swift */ = {isa = PBXFileReference; lastKnownFileType = sourcecode.swift; path = "User+Crypto.swift"; sourceTree = "<group>"; };
		3DF1215C21F65B6D00D0EF95 /* CatFactsViewController.swift */ = {isa = PBXFileReference; lastKnownFileType = sourcecode.swift; path = CatFactsViewController.swift; sourceTree = "<group>"; };
		3DF1215E21F65E2B00D0EF95 /* CatFactsTableViewCell.swift */ = {isa = PBXFileReference; lastKnownFileType = sourcecode.swift; path = CatFactsTableViewCell.swift; sourceTree = "<group>"; };
		3DF1215F21F65E2B00D0EF95 /* CatFactsTableViewCell.xib */ = {isa = PBXFileReference; lastKnownFileType = file.xib; path = CatFactsTableViewCell.xib; sourceTree = "<group>"; };
		3DF8592A21F4F000005491EC /* Validator.swift */ = {isa = PBXFileReference; lastKnownFileType = sourcecode.swift; path = Validator.swift; sourceTree = "<group>"; };
		3DF8592C21F50F9D005491EC /* String+Crypto.swift */ = {isa = PBXFileReference; lastKnownFileType = sourcecode.swift; path = "String+Crypto.swift"; sourceTree = "<group>"; };
		3DF8592E21F50FE9005491EC /* Data+Crypto.swift */ = {isa = PBXFileReference; lastKnownFileType = sourcecode.swift; path = "Data+Crypto.swift"; sourceTree = "<group>"; };
		3DF8593121F51661005491EC /* DatabaseManager.swift */ = {isa = PBXFileReference; lastKnownFileType = sourcecode.swift; path = DatabaseManager.swift; sourceTree = "<group>"; };
		3DF8593521F5259F005491EC /* TextFieldsValidations.swift */ = {isa = PBXFileReference; lastKnownFileType = sourcecode.swift; path = TextFieldsValidations.swift; sourceTree = "<group>"; };
		3DF8593821F529DD005491EC /* DatabaseValidations.swift */ = {isa = PBXFileReference; lastKnownFileType = sourcecode.swift; path = DatabaseValidations.swift; sourceTree = "<group>"; };
		E17514B251FE199192234751 /* Pods-CatFacts.debug.xcconfig */ = {isa = PBXFileReference; includeInIndex = 1; lastKnownFileType = text.xcconfig; name = "Pods-CatFacts.debug.xcconfig"; path = "Pods/Target Support Files/Pods-CatFacts/Pods-CatFacts.debug.xcconfig"; sourceTree = "<group>"; };
		F05C6E0755F7CD57FE6BE5EF /* Pods_CatFacts.framework */ = {isa = PBXFileReference; explicitFileType = wrapper.framework; includeInIndex = 0; path = Pods_CatFacts.framework; sourceTree = BUILT_PRODUCTS_DIR; };
/* End PBXFileReference section */

/* Begin PBXFrameworksBuildPhase section */
		3D8FA01221F4C2B900B6ADFC /* Frameworks */ = {
			isa = PBXFrameworksBuildPhase;
			buildActionMask = 2147483647;
			files = (
				08799C87AAB253A64B9B3182 /* Pods_CatFacts.framework in Frameworks */,
			);
			runOnlyForDeploymentPostprocessing = 0;
		};
/* End PBXFrameworksBuildPhase section */

/* Begin PBXGroup section */
		1A3A55EAC89CC16C5CDC4E40 /* Frameworks */ = {
			isa = PBXGroup;
			children = (
				F05C6E0755F7CD57FE6BE5EF /* Pods_CatFacts.framework */,
			);
			name = Frameworks;
			sourceTree = "<group>";
		};
		3D8FA00C21F4C2B900B6ADFC = {
			isa = PBXGroup;
			children = (
				3D8FA01721F4C2B900B6ADFC /* CatFacts */,
				3D8FA01621F4C2B900B6ADFC /* Products */,
				53761EC9AE587F14B400A1D1 /* Pods */,
				1A3A55EAC89CC16C5CDC4E40 /* Frameworks */,
			);
			sourceTree = "<group>";
		};
		3D8FA01621F4C2B900B6ADFC /* Products */ = {
			isa = PBXGroup;
			children = (
				3D8FA01521F4C2B900B6ADFC /* CatFacts.app */,
			);
			name = Products;
			sourceTree = "<group>";
		};
		3D8FA01721F4C2B900B6ADFC /* CatFacts */ = {
			isa = PBXGroup;
			children = (
				3D8FA01821F4C2B900B6ADFC /* AppDelegate.swift */,
				3DDAFABA21FE76EF00B0EFDC /* Model */,
				3DDAFAB821FE764E00B0EFDC /* Controller */,
				3DDAFAB921FE769E00B0EFDC /* View */,
				3D8FA02221F4C2BA00B6ADFC /* Assets.xcassets */,
				3DDAFABE21FE784C00B0EFDC /* Config */,
			);
			path = CatFacts;
			sourceTree = "<group>";
		};
		3DDAFAB821FE764E00B0EFDC /* Controller */ = {
			isa = PBXGroup;
			children = (
				3D8FA01A21F4C2B900B6ADFC /* LoginViewController.swift */,
				3D8FA02D21F4CC5300B6ADFC /* RegistrationViewController.swift */,
				3D8FA02F21F4D1AB00B6ADFC /* FormFiewController.swift */,
				3DF1215C21F65B6D00D0EF95 /* CatFactsViewController.swift */,
			);
			path = Controller;
			sourceTree = "<group>";
		};
		3DDAFAB921FE769E00B0EFDC /* View */ = {
			isa = PBXGroup;
			children = (
				3D8FA01C21F4C2B900B6ADFC /* Main.storyboard */,
				3D8FA02421F4C2BA00B6ADFC /* LaunchScreen.storyboard */,
				3D3A672521FE1190004B2964 /* Loader.swift */,
				3DF1215E21F65E2B00D0EF95 /* CatFactsTableViewCell.swift */,
				3DF1215F21F65E2B00D0EF95 /* CatFactsTableViewCell.xib */,
			);
			path = View;
			sourceTree = "<group>";
		};
		3DDAFABA21FE76EF00B0EFDC /* Model */ = {
			isa = PBXGroup;
			children = (
				3DF8593121F51661005491EC /* DatabaseManager.swift */,
				3D3A671F21FDE387004B2964 /* SessionManager.swift */,
				3DF8593721F525BA005491EC /* Validation */,
				3DF8593021F5103C005491EC /* Crypto */,
				3D3A672121FDE6AE004B2964 /* User+NSCoding.swift */,
				3DA722D321F911D300E154DE /* CatFactsModel.swift */,
				3DA722D521F9140500E154DE /* CatFactsViewModel.swift */,
			);
			path = Model;
			sourceTree = "<group>";
		};
		3DDAFABE21FE784C00B0EFDC /* Config */ = {
			isa = PBXGroup;
			children = (
				3D8FA02721F4C2BA00B6ADFC /* Info.plist */,
				3D8FA01F21F4C2B900B6ADFC /* CatFacts.xcdatamodeld */,
			);
			path = Config;
			sourceTree = "<group>";
		};
		3DF8593021F5103C005491EC /* Crypto */ = {
			isa = PBXGroup;
			children = (
				3DF1215A21F6476D00D0EF95 /* User+Crypto.swift */,
				3DF8592C21F50F9D005491EC /* String+Crypto.swift */,
				3DF8592E21F50FE9005491EC /* Data+Crypto.swift */,
			);
			path = Crypto;
			sourceTree = "<group>";
		};
		3DF8593721F525BA005491EC /* Validation */ = {
			isa = PBXGroup;
			children = (
				3DF8592A21F4F000005491EC /* Validator.swift */,
				3DF8593521F5259F005491EC /* TextFieldsValidations.swift */,
				3DF8593821F529DD005491EC /* DatabaseValidations.swift */,
			);
			path = Validation;
			sourceTree = "<group>";
		};
		53761EC9AE587F14B400A1D1 /* Pods */ = {
			isa = PBXGroup;
			children = (
				E17514B251FE199192234751 /* Pods-CatFacts.debug.xcconfig */,
				28D9CDD52037CD3CF163EE98 /* Pods-CatFacts.release.xcconfig */,
			);
			name = Pods;
			sourceTree = "<group>";
		};
/* End PBXGroup section */

/* Begin PBXNativeTarget section */
		3D8FA01421F4C2B900B6ADFC /* CatFacts */ = {
			isa = PBXNativeTarget;
			buildConfigurationList = 3D8FA02A21F4C2BA00B6ADFC /* Build configuration list for PBXNativeTarget "CatFacts" */;
			buildPhases = (
				376E8DAA7325DBE81CD8D609 /* [CP] Check Pods Manifest.lock */,
				3D8FA01121F4C2B900B6ADFC /* Sources */,
				3D8FA01221F4C2B900B6ADFC /* Frameworks */,
				3D8FA01321F4C2B900B6ADFC /* Resources */,
				A64DC99F464BB699AAA4ABA1 /* [CP] Embed Pods Frameworks */,
			);
			buildRules = (
			);
			dependencies = (
			);
			name = CatFacts;
			productName = CatFacts;
			productReference = 3D8FA01521F4C2B900B6ADFC /* CatFacts.app */;
			productType = "com.apple.product-type.application";
		};
/* End PBXNativeTarget section */

/* Begin PBXProject section */
		3D8FA00D21F4C2B900B6ADFC /* Project object */ = {
			isa = PBXProject;
			attributes = {
				LastSwiftUpdateCheck = 1010;
				LastUpgradeCheck = 1010;
				ORGANIZATIONNAME = "Vasiliy Lada";
				TargetAttributes = {
					3D8FA01421F4C2B900B6ADFC = {
						CreatedOnToolsVersion = 10.1;
					};
				};
			};
			buildConfigurationList = 3D8FA01021F4C2B900B6ADFC /* Build configuration list for PBXProject "CatFacts" */;
			compatibilityVersion = "Xcode 9.3";
			developmentRegion = en;
			hasScannedForEncodings = 0;
			knownRegions = (
				en,
				Base,
			);
			mainGroup = 3D8FA00C21F4C2B900B6ADFC;
			productRefGroup = 3D8FA01621F4C2B900B6ADFC /* Products */;
			projectDirPath = "";
			projectRoot = "";
			targets = (
				3D8FA01421F4C2B900B6ADFC /* CatFacts */,
			);
		};
/* End PBXProject section */

/* Begin PBXResourcesBuildPhase section */
		3D8FA01321F4C2B900B6ADFC /* Resources */ = {
			isa = PBXResourcesBuildPhase;
			buildActionMask = 2147483647;
			files = (
				3D8FA02621F4C2BA00B6ADFC /* LaunchScreen.storyboard in Resources */,
				3D8FA02321F4C2BA00B6ADFC /* Assets.xcassets in Resources */,
				3DF1216121F65E2B00D0EF95 /* CatFactsTableViewCell.xib in Resources */,
				3D8FA01E21F4C2B900B6ADFC /* Main.storyboard in Resources */,
			);
			runOnlyForDeploymentPostprocessing = 0;
		};
/* End PBXResourcesBuildPhase section */

/* Begin PBXShellScriptBuildPhase section */
		376E8DAA7325DBE81CD8D609 /* [CP] Check Pods Manifest.lock */ = {
			isa = PBXShellScriptBuildPhase;
			buildActionMask = 2147483647;
			files = (
			);
			inputPaths = (
				"${PODS_PODFILE_DIR_PATH}/Podfile.lock",
				"${PODS_ROOT}/Manifest.lock",
			);
			name = "[CP] Check Pods Manifest.lock";
			outputPaths = (
				"$(DERIVED_FILE_DIR)/Pods-CatFacts-checkManifestLockResult.txt",
			);
			runOnlyForDeploymentPostprocessing = 0;
			shellPath = /bin/sh;
			shellScript = "diff \"${PODS_PODFILE_DIR_PATH}/Podfile.lock\" \"${PODS_ROOT}/Manifest.lock\" > /dev/null\nif [ $? != 0 ] ; then\n    # print error to STDERR\n    echo \"error: The sandbox is not in sync with the Podfile.lock. Run 'pod install' or update your CocoaPods installation.\" >&2\n    exit 1\nfi\n# This output is used by Xcode 'outputs' to avoid re-running this script phase.\necho \"SUCCESS\" > \"${SCRIPT_OUTPUT_FILE_0}\"\n";
			showEnvVarsInLog = 0;
		};
		A64DC99F464BB699AAA4ABA1 /* [CP] Embed Pods Frameworks */ = {
			isa = PBXShellScriptBuildPhase;
			buildActionMask = 2147483647;
			files = (
			);
			inputPaths = (
				"${SRCROOT}/Pods/Target Support Files/Pods-CatFacts/Pods-CatFacts-frameworks.sh",
				"${BUILT_PRODUCTS_DIR}/Alamofire/Alamofire.framework",
				"${BUILT_PRODUCTS_DIR}/SwiftKeychainWrapper/SwiftKeychainWrapper.framework",
				"${BUILT_PRODUCTS_DIR}/SwiftyJSON/SwiftyJSON.framework",
			);
			name = "[CP] Embed Pods Frameworks";
			outputPaths = (
				"${TARGET_BUILD_DIR}/${FRAMEWORKS_FOLDER_PATH}/Alamofire.framework",
				"${TARGET_BUILD_DIR}/${FRAMEWORKS_FOLDER_PATH}/SwiftKeychainWrapper.framework",
				"${TARGET_BUILD_DIR}/${FRAMEWORKS_FOLDER_PATH}/SwiftyJSON.framework",
			);
			runOnlyForDeploymentPostprocessing = 0;
			shellPath = /bin/sh;
			shellScript = "\"${SRCROOT}/Pods/Target Support Files/Pods-CatFacts/Pods-CatFacts-frameworks.sh\"\n";
			showEnvVarsInLog = 0;
		};
/* End PBXShellScriptBuildPhase section */

/* Begin PBXSourcesBuildPhase section */
		3D8FA01121F4C2B900B6ADFC /* Sources */ = {
			isa = PBXSourcesBuildPhase;
			buildActionMask = 2147483647;
			files = (
				3DF1215D21F65B6D00D0EF95 /* CatFactsViewController.swift in Sources */,
				3DF8592B21F4F000005491EC /* Validator.swift in Sources */,
				3D8FA01B21F4C2B900B6ADFC /* LoginViewController.swift in Sources */,
				3DF8593621F5259F005491EC /* TextFieldsValidations.swift in Sources */,
				3DF8592F21F50FE9005491EC /* Data+Crypto.swift in Sources */,
				3D3A672221FDE6AE004B2964 /* User+NSCoding.swift in Sources */,
				3DF8592D21F50F9D005491EC /* String+Crypto.swift in Sources */,
				3D3A672621FE1190004B2964 /* Loader.swift in Sources */,
				3DF1216021F65E2B00D0EF95 /* CatFactsTableViewCell.swift in Sources */,
				3DA722D621F9140500E154DE /* CatFactsViewModel.swift in Sources */,
				3DA722D421F911D300E154DE /* CatFactsModel.swift in Sources */,
				3D8FA02121F4C2B900B6ADFC /* CatFacts.xcdatamodeld in Sources */,
				3D8FA02E21F4CC5300B6ADFC /* RegistrationViewController.swift in Sources */,
				3DF1215B21F6476D00D0EF95 /* User+Crypto.swift in Sources */,
				3DF8593921F529DD005491EC /* DatabaseValidations.swift in Sources */,
				3D8FA03021F4D1AB00B6ADFC /* FormFiewController.swift in Sources */,
				3DF8593221F51661005491EC /* DatabaseManager.swift in Sources */,
				3D8FA01921F4C2B900B6ADFC /* AppDelegate.swift in Sources */,
				3D3A672021FDE387004B2964 /* SessionManager.swift in Sources */,
			);
			runOnlyForDeploymentPostprocessing = 0;
		};
/* End PBXSourcesBuildPhase section */

/* Begin PBXVariantGroup section */
		3D8FA01C21F4C2B900B6ADFC /* Main.storyboard */ = {
			isa = PBXVariantGroup;
			children = (
				3D8FA01D21F4C2B900B6ADFC /* Base */,
			);
			name = Main.storyboard;
			sourceTree = "<group>";
		};
		3D8FA02421F4C2BA00B6ADFC /* LaunchScreen.storyboard */ = {
			isa = PBXVariantGroup;
			children = (
				3D8FA02521F4C2BA00B6ADFC /* Base */,
			);
			name = LaunchScreen.storyboard;
			sourceTree = "<group>";
		};
/* End PBXVariantGroup section */

/* Begin XCBuildConfiguration section */
		3D8FA02821F4C2BA00B6ADFC /* Debug */ = {
			isa = XCBuildConfiguration;
			buildSettings = {
				ALWAYS_SEARCH_USER_PATHS = NO;
				CLANG_ANALYZER_NONNULL = YES;
				CLANG_ANALYZER_NUMBER_OBJECT_CONVERSION = YES_AGGRESSIVE;
				CLANG_CXX_LANGUAGE_STANDARD = "gnu++14";
				CLANG_CXX_LIBRARY = "libc++";
				CLANG_ENABLE_MODULES = YES;
				CLANG_ENABLE_OBJC_ARC = YES;
				CLANG_ENABLE_OBJC_WEAK = YES;
				CLANG_WARN_BLOCK_CAPTURE_AUTORELEASING = YES;
				CLANG_WARN_BOOL_CONVERSION = YES;
				CLANG_WARN_COMMA = YES;
				CLANG_WARN_CONSTANT_CONVERSION = YES;
				CLANG_WARN_DEPRECATED_OBJC_IMPLEMENTATIONS = YES;
				CLANG_WARN_DIRECT_OBJC_ISA_USAGE = YES_ERROR;
				CLANG_WARN_DOCUMENTATION_COMMENTS = YES;
				CLANG_WARN_EMPTY_BODY = YES;
				CLANG_WARN_ENUM_CONVERSION = YES;
				CLANG_WARN_INFINITE_RECURSION = YES;
				CLANG_WARN_INT_CONVERSION = YES;
				CLANG_WARN_NON_LITERAL_NULL_CONVERSION = YES;
				CLANG_WARN_OBJC_IMPLICIT_RETAIN_SELF = YES;
				CLANG_WARN_OBJC_LITERAL_CONVERSION = YES;
				CLANG_WARN_OBJC_ROOT_CLASS = YES_ERROR;
				CLANG_WARN_RANGE_LOOP_ANALYSIS = YES;
				CLANG_WARN_STRICT_PROTOTYPES = YES;
				CLANG_WARN_SUSPICIOUS_MOVE = YES;
				CLANG_WARN_UNGUARDED_AVAILABILITY = YES_AGGRESSIVE;
				CLANG_WARN_UNREACHABLE_CODE = YES;
				CLANG_WARN__DUPLICATE_METHOD_MATCH = YES;
				CODE_SIGN_IDENTITY = "iPhone Developer";
				COPY_PHASE_STRIP = NO;
				DEBUG_INFORMATION_FORMAT = dwarf;
				ENABLE_STRICT_OBJC_MSGSEND = YES;
				ENABLE_TESTABILITY = YES;
				GCC_C_LANGUAGE_STANDARD = gnu11;
				GCC_DYNAMIC_NO_PIC = NO;
				GCC_NO_COMMON_BLOCKS = YES;
				GCC_OPTIMIZATION_LEVEL = 0;
				GCC_PREPROCESSOR_DEFINITIONS = (
					"DEBUG=1",
					"$(inherited)",
				);
				GCC_WARN_64_TO_32_BIT_CONVERSION = YES;
				GCC_WARN_ABOUT_RETURN_TYPE = YES_ERROR;
				GCC_WARN_UNDECLARED_SELECTOR = YES;
				GCC_WARN_UNINITIALIZED_AUTOS = YES_AGGRESSIVE;
				GCC_WARN_UNUSED_FUNCTION = YES;
				GCC_WARN_UNUSED_VARIABLE = YES;
				IPHONEOS_DEPLOYMENT_TARGET = 12.1;
				MTL_ENABLE_DEBUG_INFO = INCLUDE_SOURCE;
				MTL_FAST_MATH = YES;
				ONLY_ACTIVE_ARCH = YES;
				SDKROOT = iphoneos;
				SWIFT_ACTIVE_COMPILATION_CONDITIONS = DEBUG;
				SWIFT_OPTIMIZATION_LEVEL = "-Onone";
			};
			name = Debug;
		};
		3D8FA02921F4C2BA00B6ADFC /* Release */ = {
			isa = XCBuildConfiguration;
			buildSettings = {
				ALWAYS_SEARCH_USER_PATHS = NO;
				CLANG_ANALYZER_NONNULL = YES;
				CLANG_ANALYZER_NUMBER_OBJECT_CONVERSION = YES_AGGRESSIVE;
				CLANG_CXX_LANGUAGE_STANDARD = "gnu++14";
				CLANG_CXX_LIBRARY = "libc++";
				CLANG_ENABLE_MODULES = YES;
				CLANG_ENABLE_OBJC_ARC = YES;
				CLANG_ENABLE_OBJC_WEAK = YES;
				CLANG_WARN_BLOCK_CAPTURE_AUTORELEASING = YES;
				CLANG_WARN_BOOL_CONVERSION = YES;
				CLANG_WARN_COMMA = YES;
				CLANG_WARN_CONSTANT_CONVERSION = YES;
				CLANG_WARN_DEPRECATED_OBJC_IMPLEMENTATIONS = YES;
				CLANG_WARN_DIRECT_OBJC_ISA_USAGE = YES_ERROR;
				CLANG_WARN_DOCUMENTATION_COMMENTS = YES;
				CLANG_WARN_EMPTY_BODY = YES;
				CLANG_WARN_ENUM_CONVERSION = YES;
				CLANG_WARN_INFINITE_RECURSION = YES;
				CLANG_WARN_INT_CONVERSION = YES;
				CLANG_WARN_NON_LITERAL_NULL_CONVERSION = YES;
				CLANG_WARN_OBJC_IMPLICIT_RETAIN_SELF = YES;
				CLANG_WARN_OBJC_LITERAL_CONVERSION = YES;
				CLANG_WARN_OBJC_ROOT_CLASS = YES_ERROR;
				CLANG_WARN_RANGE_LOOP_ANALYSIS = YES;
				CLANG_WARN_STRICT_PROTOTYPES = YES;
				CLANG_WARN_SUSPICIOUS_MOVE = YES;
				CLANG_WARN_UNGUARDED_AVAILABILITY = YES_AGGRESSIVE;
				CLANG_WARN_UNREACHABLE_CODE = YES;
				CLANG_WARN__DUPLICATE_METHOD_MATCH = YES;
				CODE_SIGN_IDENTITY = "iPhone Developer";
				COPY_PHASE_STRIP = NO;
				DEBUG_INFORMATION_FORMAT = "dwarf-with-dsym";
				ENABLE_NS_ASSERTIONS = NO;
				ENABLE_STRICT_OBJC_MSGSEND = YES;
				GCC_C_LANGUAGE_STANDARD = gnu11;
				GCC_NO_COMMON_BLOCKS = YES;
				GCC_WARN_64_TO_32_BIT_CONVERSION = YES;
				GCC_WARN_ABOUT_RETURN_TYPE = YES_ERROR;
				GCC_WARN_UNDECLARED_SELECTOR = YES;
				GCC_WARN_UNINITIALIZED_AUTOS = YES_AGGRESSIVE;
				GCC_WARN_UNUSED_FUNCTION = YES;
				GCC_WARN_UNUSED_VARIABLE = YES;
				IPHONEOS_DEPLOYMENT_TARGET = 12.1;
				MTL_ENABLE_DEBUG_INFO = NO;
				MTL_FAST_MATH = YES;
				SDKROOT = iphoneos;
				SWIFT_COMPILATION_MODE = wholemodule;
				SWIFT_OPTIMIZATION_LEVEL = "-O";
				VALIDATE_PRODUCT = YES;
			};
			name = Release;
		};
		3D8FA02B21F4C2BA00B6ADFC /* Debug */ = {
			isa = XCBuildConfiguration;
			baseConfigurationReference = E17514B251FE199192234751 /* Pods-CatFacts.debug.xcconfig */;
			buildSettings = {
				ASSETCATALOG_COMPILER_APPICON_NAME = AppIcon;
				CODE_SIGN_STYLE = Automatic;
				DEVELOPMENT_TEAM = 5SKQ8B2GH3;
				INFOPLIST_FILE = "$(SRCROOT)/CatFacts/Config/Info.plist";
				LD_RUNPATH_SEARCH_PATHS = (
					"$(inherited)",
					"@executable_path/Frameworks",
				);
				PRODUCT_BUNDLE_IDENTIFIER = com.vasiliylada.CatFacts;
				PRODUCT_NAME = "$(TARGET_NAME)";
				SWIFT_VERSION = 4.2;
				TARGETED_DEVICE_FAMILY = 1;
			};
			name = Debug;
		};
		3D8FA02C21F4C2BA00B6ADFC /* Release */ = {
			isa = XCBuildConfiguration;
			baseConfigurationReference = 28D9CDD52037CD3CF163EE98 /* Pods-CatFacts.release.xcconfig */;
			buildSettings = {
				ASSETCATALOG_COMPILER_APPICON_NAME = AppIcon;
				CODE_SIGN_STYLE = Automatic;
				DEVELOPMENT_TEAM = 5SKQ8B2GH3;
				INFOPLIST_FILE = "$(SRCROOT)/CatFacts/Config/Info.plist";
				LD_RUNPATH_SEARCH_PATHS = (
					"$(inherited)",
					"@executable_path/Frameworks",
				);
				PRODUCT_BUNDLE_IDENTIFIER = com.vasiliylada.CatFacts;
				PRODUCT_NAME = "$(TARGET_NAME)";
				SWIFT_VERSION = 4.2;
				TARGETED_DEVICE_FAMILY = 1;
			};
			name = Release;
		};
/* End XCBuildConfiguration section */

/* Begin XCConfigurationList section */
		3D8FA01021F4C2B900B6ADFC /* Build configuration list for PBXProject "CatFacts" */ = {
			isa = XCConfigurationList;
			buildConfigurations = (
				3D8FA02821F4C2BA00B6ADFC /* Debug */,
				3D8FA02921F4C2BA00B6ADFC /* Release */,
			);
			defaultConfigurationIsVisible = 0;
			defaultConfigurationName = Release;
		};
		3D8FA02A21F4C2BA00B6ADFC /* Build configuration list for PBXNativeTarget "CatFacts" */ = {
			isa = XCConfigurationList;
			buildConfigurations = (
				3D8FA02B21F4C2BA00B6ADFC /* Debug */,
				3D8FA02C21F4C2BA00B6ADFC /* Release */,
			);
			defaultConfigurationIsVisible = 0;
			defaultConfigurationName = Release;
		};
/* End XCConfigurationList section */

/* Begin XCVersionGroup section */
		3D8FA01F21F4C2B900B6ADFC /* CatFacts.xcdatamodeld */ = {
			isa = XCVersionGroup;
			children = (
				3D8FA02021F4C2B900B6ADFC /* CatFacts.xcdatamodel */,
			);
			currentVersion = 3D8FA02021F4C2B900B6ADFC /* CatFacts.xcdatamodel */;
			path = CatFacts.xcdatamodeld;
			sourceTree = "<group>";
			versionGroupType = wrapper.xcdatamodel;
		};
/* End XCVersionGroup section */
	};
	rootObject = 3D8FA00D21F4C2B900B6ADFC /* Project object */;
}
